
Microsoft Visual Studio Solution File, Format Version 12.00
# Visual Studio Version 16
VisualStudioVersion = 16.0.810.11
MinimumVisualStudioVersion = 10.0.40219.1
Project("{FAE04EC0-301F-11D3-BF4B-00C04F79EFBC}") = "Validata.API", "Validata.API\Validata.API.csproj", "{28159510-1A04-4FBF-9734-5C1FB43BE171}"
EndProject
Project("{E53339B2-1760-4266-BCC7-CA923CBCF16C}") = "docker-compose", "docker-compose.dcproj", "{DB7DF23A-3791-4B5C-A671-747F9C48014C}"
EndProject
Project("{FAE04EC0-301F-11D3-BF4B-00C04F79EFBC}") = "Validata.Domain", "Validata.Domain\Validata.Domain.csproj", "{BDC86B6C-2B2C-47FB-BBB8-0265F35F4623}"
EndProject
Project("{FAE04EC0-301F-11D3-BF4B-00C04F79EFBC}") = "Validata.Infrastructure", "Validata.Infrastructure\Validata.Infrastructure.csproj", "{C8648985-BFFE-439A-B6E6-EC477765CC47}"
EndProject
Global
	GlobalSection(SolutionConfigurationPlatforms) = preSolution
		Debug|Any CPU = Debug|Any CPU
		Release|Any CPU = Release|Any CPU
	EndGlobalSection
	GlobalSection(ProjectConfigurationPlatforms) = postSolution
		{28159510-1A04-4FBF-9734-5C1FB43BE171}.Debug|Any CPU.ActiveCfg = Debug|Any CPU
		{28159510-1A04-4FBF-9734-5C1FB43BE171}.Debug|Any CPU.Build.0 = Debug|Any CPU
		{28159510-1A04-4FBF-9734-5C1FB43BE171}.Release|Any CPU.ActiveCfg = Release|Any CPU
		{28159510-1A04-4FBF-9734-5C1FB43BE171}.Release|Any CPU.Build.0 = Release|Any CPU
		{DB7DF23A-3791-4B5C-A671-747F9C48014C}.Debug|Any CPU.ActiveCfg = Debug|Any CPU
		{DB7DF23A-3791-4B5C-A671-747F9C48014C}.Debug|Any CPU.Build.0 = Debug|Any CPU
		{DB7DF23A-3791-4B5C-A671-747F9C48014C}.Release|Any CPU.ActiveCfg = Release|Any CPU
		{DB7DF23A-3791-4B5C-A671-747F9C48014C}.Release|Any CPU.Build.0 = Release|Any CPU
		{BDC86B6C-2B2C-47FB-BBB8-0265F35F4623}.Debug|Any CPU.ActiveCfg = Debug|Any CPU
		{BDC86B6C-2B2C-47FB-BBB8-0265F35F4623}.Debug|Any CPU.Build.0 = Debug|Any CPU
		{BDC86B6C-2B2C-47FB-BBB8-0265F35F4623}.Release|Any CPU.ActiveCfg = Release|Any CPU
		{BDC86B6C-2B2C-47FB-BBB8-0265F35F4623}.Release|Any CPU.Build.0 = Release|Any CPU
		{C8648985-BFFE-439A-B6E6-EC477765CC47}.Debug|Any CPU.ActiveCfg = Debug|Any CPU
		{C8648985-BFFE-439A-B6E6-EC477765CC47}.Debug|Any CPU.Build.0 = Debug|Any CPU
		{C8648985-BFFE-439A-B6E6-EC477765CC47}.Release|Any CPU.ActiveCfg = Release|Any CPU
		{C8648985-BFFE-439A-B6E6-EC477765CC47}.Release|Any CPU.Build.0 = Release|Any CPU
	EndGlobalSection
	GlobalSection(SolutionProperties) = preSolution
		HideSolutionNode = FALSE
	EndGlobalSection
	GlobalSection(ExtensibilityGlobals) = postSolution
		SolutionGuid = {11B5C0AC-7FD0-4C5A-9212-1255A0573E31}
	EndGlobalSection
EndGlobal
